
Microsoft Visual Studio Solution File, Format Version 11.00
# Visual Studio 2010
Project("{FAE04EC0-301F-11D3-BF4B-00C04F79EFBC}") = "DCI_spike", "Console\DCI_spike.csproj", "{1CFC3C7F-B735-492F-A302-594345DDB4F7}"
EndProject
Global
	GlobalSection(SolutionConfigurationPlatforms) = preSolution
		Debug|x86 = Debug|x86
		Release|x86 = Release|x86
	EndGlobalSection
	GlobalSection(ProjectConfigurationPlatforms) = postSolution
		{1CFC3C7F-B735-492F-A302-594345DDB4F7}.Debug|x86.ActiveCfg = Debug|x86
		{1CFC3C7F-B735-492F-A302-594345DDB4F7}.Debug|x86.Build.0 = Debug|x86
		{1CFC3C7F-B735-492F-A302-594345DDB4F7}.Release|x86.ActiveCfg = Release|x86
		{1CFC3C7F-B735-492F-A302-594345DDB4F7}.Release|x86.Build.0 = Release|x86
	EndGlobalSection
	GlobalSection(SolutionProperties) = preSolution
		HideSolutionNode = FALSE
	EndGlobalSection
EndGlobal
